# THIS IS AN AUTOGENERATED FILE. DO NOT EDIT THIS FILE DIRECTLY.
# yarn lockfile v1


bootstrap@^5.0.0-alpha1:
  version "5.0.0-alpha1"
  resolved "https://registry.yarnpkg.com/bootstrap/-/bootstrap-5.0.0-alpha1.tgz#cd35be4282bc930322bcbf1db23a8729c60a31cb"
  integrity sha512-iwKneP2pLXl8lN0YpnOuOARiNPTzmh/4cw+Un86u4OqrMLuQpyMC7nO07hvivvcg0B/ektJPjuPnS1s+YmRK9A==

popper.js@^1.16.0:
  version "1.16.1"
  resolved "https://registry.yarnpkg.com/popper.js/-/popper.js-1.16.1.tgz#2a223cb3dc7b6213d740e40372be40de43e65b1b"
  integrity sha512-Wb4p1J4zyFTbM+u6WuO4XstYx4Ky9Cewe4DWrel7B0w6VVICvPwdOpotjzcf6eD8TsckVnIMNONQyPIUFOUbCQ==

rellax@^1.12.1:
  version "1.12.1"
  resolved "https://registry.yarnpkg.com/rellax/-/rellax-1.12.1.tgz#1b433ef7ac4aa3573449a33efab391c112f6b34d"
  integrity sha512-XBIi0CDpW5FLTujYjYBn1CIbK2CJL6TsAg/w409KghP2LucjjzBjsujXDAjyBLWgsfupfUcL5WzdnIPcGfK7XA==
